
Microsoft Visual Studio Solution File, Format Version 12.00
# Visual Studio Version 16
VisualStudioVersion = 16.0.31402.337
MinimumVisualStudioVersion = 10.0.40219.1
Project("{FAE04EC0-301F-11D3-BF4B-00C04F79EFBC}") = "crudApp", "crudApp\crudApp.csproj", "{75751EB1-8AA1-4754-9A3F-7B60DEB2E661}"
EndProject
Global
	GlobalSection(SolutionConfigurationPlatforms) = preSolution
		Debug|Any CPU = Debug|Any CPU
		Release|Any CPU = Release|Any CPU
	EndGlobalSection
	GlobalSection(ProjectConfigurationPlatforms) = postSolution
		{75751EB1-8AA1-4754-9A3F-7B60DEB2E661}.Debug|Any CPU.ActiveCfg = Debug|Any CPU
		{75751EB1-8AA1-4754-9A3F-7B60DEB2E661}.Debug|Any CPU.Build.0 = Debug|Any CPU
		{75751EB1-8AA1-4754-9A3F-7B60DEB2E661}.Release|Any CPU.ActiveCfg = Release|Any CPU
		{75751EB1-8AA1-4754-9A3F-7B60DEB2E661}.Release|Any CPU.Build.0 = Release|Any CPU
	EndGlobalSection
	GlobalSection(SolutionProperties) = preSolution
		HideSolutionNode = FALSE
	EndGlobalSection
	GlobalSection(ExtensibilityGlobals) = postSolution
		SolutionGuid = {8B2D7CB7-2C8D-4ECF-8DDC-FFCE84C0BB51}
	EndGlobalSection
EndGlobal
